{
  "name": "minecraft",
  "version": "0.0.1",
  "lockfileVersion": 3,
  "requires": true,
  "packages": {
    "": {
      "name": "minecraft",
      "version": "0.0.1",
      "dependencies": {
        "rcon-srcds": "2.1.0"
      }
    },
    "node_modules/rcon-srcds": {
      "version": "2.1.0",
      "resolved": "https://registry.npmjs.org/rcon-srcds/-/rcon-srcds-2.1.0.tgz",
      "integrity": "sha512-kkF32wt+xsX19b6wrerU8qTOHa9AX81eJTffgZD0FfaVV2U+sL1gFr5W2VX4m+ILh/l4ZEAYBHx653l2Ci+h+Q==",
      "license": "MIT"
    }
  }
}
